
Microsoft Visual Studio Solution File, Format Version 12.00
# Visual Studio Version 16
VisualStudioVersion = 16.0.28803.352
MinimumVisualStudioVersion = 10.0.40219.1
Project("{FAE04EC0-301F-11D3-BF4B-00C04F79EFBC}") = "ClassLibrary3", "ClassLibrary3\ClassLibrary3.csproj", "{30F088E0-3A0B-4E6A-9145-70F6F45B0C6E}"
EndProject
Project("{FAE04EC0-301F-11D3-BF4B-00C04F79EFBC}") = "UnitTestProject1", "UnitTestProject1\UnitTestProject1.csproj", "{9EB8C378-18FC-4475-8DD7-1DD2A3CF704E}"
EndProject
Global
	GlobalSection(SolutionConfigurationPlatforms) = preSolution
		Debug|Any CPU = Debug|Any CPU
		Release|Any CPU = Release|Any CPU
	EndGlobalSection
	GlobalSection(ProjectConfigurationPlatforms) = postSolution
		{30F088E0-3A0B-4E6A-9145-70F6F45B0C6E}.Debug|Any CPU.ActiveCfg = Debug|Any CPU
		{30F088E0-3A0B-4E6A-9145-70F6F45B0C6E}.Debug|Any CPU.Build.0 = Debug|Any CPU
		{30F088E0-3A0B-4E6A-9145-70F6F45B0C6E}.Release|Any CPU.ActiveCfg = Release|Any CPU
		{30F088E0-3A0B-4E6A-9145-70F6F45B0C6E}.Release|Any CPU.Build.0 = Release|Any CPU
		{9EB8C378-18FC-4475-8DD7-1DD2A3CF704E}.Debug|Any CPU.ActiveCfg = Debug|Any CPU
		{9EB8C378-18FC-4475-8DD7-1DD2A3CF704E}.Debug|Any CPU.Build.0 = Debug|Any CPU
		{9EB8C378-18FC-4475-8DD7-1DD2A3CF704E}.Release|Any CPU.ActiveCfg = Release|Any CPU
		{9EB8C378-18FC-4475-8DD7-1DD2A3CF704E}.Release|Any CPU.Build.0 = Release|Any CPU
	EndGlobalSection
	GlobalSection(SolutionProperties) = preSolution
		HideSolutionNode = FALSE
	EndGlobalSection
	GlobalSection(ExtensibilityGlobals) = postSolution
		SolutionGuid = {42C788F6-5ED0-4930-8AB8-A548CF084CF5}
	EndGlobalSection
EndGlobal
